
Microsoft Visual Studio Solution File, Format Version 12.00
# Visual Studio Version 17
VisualStudioVersion = 17.5.33516.290
MinimumVisualStudioVersion = 10.0.40219.1
Project("{FAE04EC0-301F-11D3-BF4B-00C04F79EFBC}") = "TimeZoneConverter", "TimeZoneConverter\TimeZoneConverter.csproj", "{52D9865A-20D6-4554-8F8C-35DF1075104F}"
EndProject
Global
	GlobalSection(SolutionConfigurationPlatforms) = preSolution
		Debug|Any CPU = Debug|Any CPU
		Release|Any CPU = Release|Any CPU
	EndGlobalSection
	GlobalSection(ProjectConfigurationPlatforms) = postSolution
		{52D9865A-20D6-4554-8F8C-35DF1075104F}.Debug|Any CPU.ActiveCfg = Debug|Any CPU
		{52D9865A-20D6-4554-8F8C-35DF1075104F}.Debug|Any CPU.Build.0 = Debug|Any CPU
		{52D9865A-20D6-4554-8F8C-35DF1075104F}.Release|Any CPU.ActiveCfg = Release|Any CPU
		{52D9865A-20D6-4554-8F8C-35DF1075104F}.Release|Any CPU.Build.0 = Release|Any CPU
	EndGlobalSection
	GlobalSection(SolutionProperties) = preSolution
		HideSolutionNode = FALSE
	EndGlobalSection
	GlobalSection(ExtensibilityGlobals) = postSolution
		SolutionGuid = {E9250335-0F9D-45F0-830A-158EC354A8A3}
	EndGlobalSection
EndGlobal
